
Microsoft Visual Studio Solution File, Format Version 12.00
# Visual Studio Version 17
VisualStudioVersion = 17.2.32616.157
MinimumVisualStudioVersion = 10.0.40219.1
Project("{FAE04EC0-301F-11D3-BF4B-00C04F79EFBC}") = "testingpharmeasy", "testingpharmeasy\testingpharmeasy.csproj", "{9C9F3AE1-1177-4749-A687-2D987CCFD874}"
EndProject
Global
	GlobalSection(SolutionConfigurationPlatforms) = preSolution
		Debug|Any CPU = Debug|Any CPU
		Release|Any CPU = Release|Any CPU
	EndGlobalSection
	GlobalSection(ProjectConfigurationPlatforms) = postSolution
		{9C9F3AE1-1177-4749-A687-2D987CCFD874}.Debug|Any CPU.ActiveCfg = Debug|Any CPU
		{9C9F3AE1-1177-4749-A687-2D987CCFD874}.Debug|Any CPU.Build.0 = Debug|Any CPU
		{9C9F3AE1-1177-4749-A687-2D987CCFD874}.Release|Any CPU.ActiveCfg = Release|Any CPU
		{9C9F3AE1-1177-4749-A687-2D987CCFD874}.Release|Any CPU.Build.0 = Release|Any CPU
	EndGlobalSection
	GlobalSection(SolutionProperties) = preSolution
		HideSolutionNode = FALSE
	EndGlobalSection
	GlobalSection(ExtensibilityGlobals) = postSolution
		SolutionGuid = {4BF2E1BF-9367-4028-AA33-866509D9D553}
	EndGlobalSection
EndGlobal
