
Microsoft Visual Studio Solution File, Format Version 12.00
# Visual Studio Version 17
VisualStudioVersion = 17.2.32616.157
MinimumVisualStudioVersion = 10.0.40219.1
Project("{FAE04EC0-301F-11D3-BF4B-00C04F79EFBC}") = "ConsoleApp2", "ConsoleApp2\ConsoleApp2.csproj", "{F3143000-13E5-41DA-B5F1-10A16317FBFE}"
EndProject
Global
	GlobalSection(SolutionConfigurationPlatforms) = preSolution
		Debug|Any CPU = Debug|Any CPU
		Release|Any CPU = Release|Any CPU
	EndGlobalSection
	GlobalSection(ProjectConfigurationPlatforms) = postSolution
		{F3143000-13E5-41DA-B5F1-10A16317FBFE}.Debug|Any CPU.ActiveCfg = Debug|Any CPU
		{F3143000-13E5-41DA-B5F1-10A16317FBFE}.Debug|Any CPU.Build.0 = Debug|Any CPU
		{F3143000-13E5-41DA-B5F1-10A16317FBFE}.Release|Any CPU.ActiveCfg = Release|Any CPU
		{F3143000-13E5-41DA-B5F1-10A16317FBFE}.Release|Any CPU.Build.0 = Release|Any CPU
	EndGlobalSection
	GlobalSection(SolutionProperties) = preSolution
		HideSolutionNode = FALSE
	EndGlobalSection
	GlobalSection(ExtensibilityGlobals) = postSolution
		SolutionGuid = {D13C67AD-5EEB-48F9-83D7-C2B68EC4E7A9}
	EndGlobalSection
EndGlobal
