
Microsoft Visual Studio Solution File, Format Version 12.00
# Visual Studio Version 17
VisualStudioVersion = 17.2.32616.157
MinimumVisualStudioVersion = 10.0.40219.1
Project("{FAE04EC0-301F-11D3-BF4B-00C04F79EFBC}") = "Valoremweb123", "Valoremweb123\Valoremweb123.csproj", "{3AD05321-69FB-424F-9D83-5003BB361C40}"
EndProject
Global
	GlobalSection(SolutionConfigurationPlatforms) = preSolution
		Debug|Any CPU = Debug|Any CPU
		Release|Any CPU = Release|Any CPU
	EndGlobalSection
	GlobalSection(ProjectConfigurationPlatforms) = postSolution
		{3AD05321-69FB-424F-9D83-5003BB361C40}.Debug|Any CPU.ActiveCfg = Debug|Any CPU
		{3AD05321-69FB-424F-9D83-5003BB361C40}.Debug|Any CPU.Build.0 = Debug|Any CPU
		{3AD05321-69FB-424F-9D83-5003BB361C40}.Release|Any CPU.ActiveCfg = Release|Any CPU
		{3AD05321-69FB-424F-9D83-5003BB361C40}.Release|Any CPU.Build.0 = Release|Any CPU
	EndGlobalSection
	GlobalSection(SolutionProperties) = preSolution
		HideSolutionNode = FALSE
	EndGlobalSection
	GlobalSection(ExtensibilityGlobals) = postSolution
		SolutionGuid = {086D81A7-C4EE-45D0-9ED5-8895C82B814B}
	EndGlobalSection
EndGlobal
