
Microsoft Visual Studio Solution File, Format Version 12.00
# Visual Studio Version 17
VisualStudioVersion = 17.2.32616.157
MinimumVisualStudioVersion = 10.0.40219.1
Project("{FAE04EC0-301F-11D3-BF4B-00C04F79EFBC}") = "Home validation test", "validation test\Home validation test.csproj", "{7D44239F-4E64-462C-BAC9-EDB52344CD91}"
EndProject
Project("{2150E333-8FDC-42A3-9474-1A3956D46DE8}") = "Scenarios", "Scenarios", "{49BD0EA2-7896-4E3C-B3FA-214D35DE2BE4}"
	ProjectSection(SolutionItems) = preProject
		..\..\TestMstest\TestMstest\login test.cs = ..\..\TestMstest\TestMstest\login test.cs
	EndProjectSection
EndProject
Global
	GlobalSection(SolutionConfigurationPlatforms) = preSolution
		Debug|Any CPU = Debug|Any CPU
		Release|Any CPU = Release|Any CPU
	EndGlobalSection
	GlobalSection(ProjectConfigurationPlatforms) = postSolution
		{7D44239F-4E64-462C-BAC9-EDB52344CD91}.Debug|Any CPU.ActiveCfg = Debug|Any CPU
		{7D44239F-4E64-462C-BAC9-EDB52344CD91}.Debug|Any CPU.Build.0 = Debug|Any CPU
		{7D44239F-4E64-462C-BAC9-EDB52344CD91}.Release|Any CPU.ActiveCfg = Release|Any CPU
		{7D44239F-4E64-462C-BAC9-EDB52344CD91}.Release|Any CPU.Build.0 = Release|Any CPU
	EndGlobalSection
	GlobalSection(SolutionProperties) = preSolution
		HideSolutionNode = FALSE
	EndGlobalSection
	GlobalSection(ExtensibilityGlobals) = postSolution
		SolutionGuid = {575611E9-CD62-4128-A743-7092825D4184}
	EndGlobalSection
EndGlobal
