
Microsoft Visual Studio Solution File, Format Version 12.00
# Visual Studio Version 17
VisualStudioVersion = 17.2.32616.157
MinimumVisualStudioVersion = 10.0.40219.1
Project("{FAE04EC0-301F-11D3-BF4B-00C04F79EFBC}") = "webfinal30-01-23", "webfinal30-01-23\webfinal30-01-23.csproj", "{AA8D871D-3FCA-4603-A377-BD1B91AD178E}"
EndProject
Global
	GlobalSection(SolutionConfigurationPlatforms) = preSolution
		Debug|Any CPU = Debug|Any CPU
		Release|Any CPU = Release|Any CPU
	EndGlobalSection
	GlobalSection(ProjectConfigurationPlatforms) = postSolution
		{AA8D871D-3FCA-4603-A377-BD1B91AD178E}.Debug|Any CPU.ActiveCfg = Debug|Any CPU
		{AA8D871D-3FCA-4603-A377-BD1B91AD178E}.Debug|Any CPU.Build.0 = Debug|Any CPU
		{AA8D871D-3FCA-4603-A377-BD1B91AD178E}.Release|Any CPU.ActiveCfg = Release|Any CPU
		{AA8D871D-3FCA-4603-A377-BD1B91AD178E}.Release|Any CPU.Build.0 = Release|Any CPU
	EndGlobalSection
	GlobalSection(SolutionProperties) = preSolution
		HideSolutionNode = FALSE
	EndGlobalSection
	GlobalSection(ExtensibilityGlobals) = postSolution
		SolutionGuid = {C3CA354F-E5C1-4DCD-A103-5F7AB43B1B15}
	EndGlobalSection
EndGlobal
