
Microsoft Visual Studio Solution File, Format Version 12.00
# Visual Studio Version 17
VisualStudioVersion = 17.2.32616.157
MinimumVisualStudioVersion = 10.0.40219.1
Project("{FAE04EC0-301F-11D3-BF4B-00C04F79EFBC}") = "file123", "file123\file123.csproj", "{5D7B40A0-3605-4CA5-BC4B-A95C42925C4E}"
EndProject
Global
	GlobalSection(SolutionConfigurationPlatforms) = preSolution
		Debug|Any CPU = Debug|Any CPU
		Release|Any CPU = Release|Any CPU
	EndGlobalSection
	GlobalSection(ProjectConfigurationPlatforms) = postSolution
		{5D7B40A0-3605-4CA5-BC4B-A95C42925C4E}.Debug|Any CPU.ActiveCfg = Debug|Any CPU
		{5D7B40A0-3605-4CA5-BC4B-A95C42925C4E}.Debug|Any CPU.Build.0 = Debug|Any CPU
		{5D7B40A0-3605-4CA5-BC4B-A95C42925C4E}.Release|Any CPU.ActiveCfg = Release|Any CPU
		{5D7B40A0-3605-4CA5-BC4B-A95C42925C4E}.Release|Any CPU.Build.0 = Release|Any CPU
	EndGlobalSection
	GlobalSection(SolutionProperties) = preSolution
		HideSolutionNode = FALSE
	EndGlobalSection
	GlobalSection(ExtensibilityGlobals) = postSolution
		SolutionGuid = {CFA4DC76-A938-4C56-929D-5662FF1518E4}
	EndGlobalSection
EndGlobal
