
Microsoft Visual Studio Solution File, Format Version 12.00
# Visual Studio Version 17
VisualStudioVersion = 17.2.32616.157
MinimumVisualStudioVersion = 10.0.40219.1
Project("{FAE04EC0-301F-11D3-BF4B-00C04F79EFBC}") = "qstn10new", "qstn10new\qstn10new.csproj", "{90E01D6B-EDC9-4908-BED5-990264277DEE}"
EndProject
Global
	GlobalSection(SolutionConfigurationPlatforms) = preSolution
		Debug|Any CPU = Debug|Any CPU
		Release|Any CPU = Release|Any CPU
	EndGlobalSection
	GlobalSection(ProjectConfigurationPlatforms) = postSolution
		{90E01D6B-EDC9-4908-BED5-990264277DEE}.Debug|Any CPU.ActiveCfg = Debug|Any CPU
		{90E01D6B-EDC9-4908-BED5-990264277DEE}.Debug|Any CPU.Build.0 = Debug|Any CPU
		{90E01D6B-EDC9-4908-BED5-990264277DEE}.Release|Any CPU.ActiveCfg = Release|Any CPU
		{90E01D6B-EDC9-4908-BED5-990264277DEE}.Release|Any CPU.Build.0 = Release|Any CPU
	EndGlobalSection
	GlobalSection(SolutionProperties) = preSolution
		HideSolutionNode = FALSE
	EndGlobalSection
	GlobalSection(ExtensibilityGlobals) = postSolution
		SolutionGuid = {8DBBD178-6D1D-45D8-A2C4-DFC62AE27B63}
	EndGlobalSection
EndGlobal
