
Microsoft Visual Studio Solution File, Format Version 12.00
# Visual Studio Version 17
VisualStudioVersion = 17.2.32616.157
MinimumVisualStudioVersion = 10.0.40219.1
Project("{FAE04EC0-301F-11D3-BF4B-00C04F79EFBC}") = "testdemo sel", "testdemo sel\testdemo sel.csproj", "{AC905D18-7DB9-4943-9B72-626B6F1BB699}"
EndProject
Global
	GlobalSection(SolutionConfigurationPlatforms) = preSolution
		Debug|Any CPU = Debug|Any CPU
		Release|Any CPU = Release|Any CPU
	EndGlobalSection
	GlobalSection(ProjectConfigurationPlatforms) = postSolution
		{AC905D18-7DB9-4943-9B72-626B6F1BB699}.Debug|Any CPU.ActiveCfg = Debug|Any CPU
		{AC905D18-7DB9-4943-9B72-626B6F1BB699}.Debug|Any CPU.Build.0 = Debug|Any CPU
		{AC905D18-7DB9-4943-9B72-626B6F1BB699}.Release|Any CPU.ActiveCfg = Release|Any CPU
		{AC905D18-7DB9-4943-9B72-626B6F1BB699}.Release|Any CPU.Build.0 = Release|Any CPU
	EndGlobalSection
	GlobalSection(SolutionProperties) = preSolution
		HideSolutionNode = FALSE
	EndGlobalSection
	GlobalSection(ExtensibilityGlobals) = postSolution
		SolutionGuid = {3CB9BBC5-7E30-4DA2-986A-3C3050286513}
	EndGlobalSection
EndGlobal
