
Microsoft Visual Studio Solution File, Format Version 12.00
# Visual Studio Version 17
VisualStudioVersion = 17.2.32616.157
MinimumVisualStudioVersion = 10.0.40219.1
Project("{FAE04EC0-301F-11D3-BF4B-00C04F79EFBC}") = "TestProject1", "TestProject1\TestProject1.csproj", "{55779A65-EF01-4AC1-87DD-C6D30D2034AA}"
EndProject
Global
	GlobalSection(SolutionConfigurationPlatforms) = preSolution
		Debug|Any CPU = Debug|Any CPU
		Release|Any CPU = Release|Any CPU
	EndGlobalSection
	GlobalSection(ProjectConfigurationPlatforms) = postSolution
		{55779A65-EF01-4AC1-87DD-C6D30D2034AA}.Debug|Any CPU.ActiveCfg = Debug|Any CPU
		{55779A65-EF01-4AC1-87DD-C6D30D2034AA}.Debug|Any CPU.Build.0 = Debug|Any CPU
		{55779A65-EF01-4AC1-87DD-C6D30D2034AA}.Release|Any CPU.ActiveCfg = Release|Any CPU
		{55779A65-EF01-4AC1-87DD-C6D30D2034AA}.Release|Any CPU.Build.0 = Release|Any CPU
	EndGlobalSection
	GlobalSection(SolutionProperties) = preSolution
		HideSolutionNode = FALSE
	EndGlobalSection
	GlobalSection(ExtensibilityGlobals) = postSolution
		SolutionGuid = {7927FAB6-DD6B-4B41-9580-B2E3589C4F04}
	EndGlobalSection
EndGlobal
