
Microsoft Visual Studio Solution File, Format Version 12.00
# Visual Studio Version 17
VisualStudioVersion = 17.2.32616.157
MinimumVisualStudioVersion = 10.0.40219.1
Project("{FAE04EC0-301F-11D3-BF4B-00C04F79EFBC}") = "Test02-10-23", "Test02-10-23\Test02-10-23.csproj", "{056332C7-1DE0-4CA6-BEB1-D129A8D91EB7}"
EndProject
Global
	GlobalSection(SolutionConfigurationPlatforms) = preSolution
		Debug|Any CPU = Debug|Any CPU
		Release|Any CPU = Release|Any CPU
	EndGlobalSection
	GlobalSection(ProjectConfigurationPlatforms) = postSolution
		{056332C7-1DE0-4CA6-BEB1-D129A8D91EB7}.Debug|Any CPU.ActiveCfg = Debug|Any CPU
		{056332C7-1DE0-4CA6-BEB1-D129A8D91EB7}.Debug|Any CPU.Build.0 = Debug|Any CPU
		{056332C7-1DE0-4CA6-BEB1-D129A8D91EB7}.Release|Any CPU.ActiveCfg = Release|Any CPU
		{056332C7-1DE0-4CA6-BEB1-D129A8D91EB7}.Release|Any CPU.Build.0 = Release|Any CPU
	EndGlobalSection
	GlobalSection(SolutionProperties) = preSolution
		HideSolutionNode = FALSE
	EndGlobalSection
	GlobalSection(ExtensibilityGlobals) = postSolution
		SolutionGuid = {49FF6803-6C7C-4F31-8505-3B8CC28F12F3}
	EndGlobalSection
EndGlobal
