
Microsoft Visual Studio Solution File, Format Version 12.00
# Visual Studio Version 17
VisualStudioVersion = 17.2.32616.157
MinimumVisualStudioVersion = 10.0.40219.1
Project("{FAE04EC0-301F-11D3-BF4B-00C04F79EFBC}") = "jmsampler", "jmsampler\jmsampler.csproj", "{E0121812-6722-46F0-8070-0A1DAF82F3C3}"
EndProject
Global
	GlobalSection(SolutionConfigurationPlatforms) = preSolution
		Debug|Any CPU = Debug|Any CPU
		Release|Any CPU = Release|Any CPU
	EndGlobalSection
	GlobalSection(ProjectConfigurationPlatforms) = postSolution
		{E0121812-6722-46F0-8070-0A1DAF82F3C3}.Debug|Any CPU.ActiveCfg = Debug|Any CPU
		{E0121812-6722-46F0-8070-0A1DAF82F3C3}.Debug|Any CPU.Build.0 = Debug|Any CPU
		{E0121812-6722-46F0-8070-0A1DAF82F3C3}.Release|Any CPU.ActiveCfg = Release|Any CPU
		{E0121812-6722-46F0-8070-0A1DAF82F3C3}.Release|Any CPU.Build.0 = Release|Any CPU
	EndGlobalSection
	GlobalSection(SolutionProperties) = preSolution
		HideSolutionNode = FALSE
	EndGlobalSection
	GlobalSection(ExtensibilityGlobals) = postSolution
		SolutionGuid = {F696D004-CE72-4100-97A8-3BA229A75F89}
	EndGlobalSection
EndGlobal
