
Microsoft Visual Studio Solution File, Format Version 12.00
# Visual Studio Version 17
VisualStudioVersion = 17.2.32616.157
MinimumVisualStudioVersion = 10.0.40219.1
Project("{FAE04EC0-301F-11D3-BF4B-00C04F79EFBC}") = "Assessment 3pom", "Assessment 3pom\Assessment 3pom.csproj", "{522C4BD9-D615-4995-9204-DB8B072BBCEC}"
EndProject
Global
	GlobalSection(SolutionConfigurationPlatforms) = preSolution
		Debug|Any CPU = Debug|Any CPU
		Release|Any CPU = Release|Any CPU
	EndGlobalSection
	GlobalSection(ProjectConfigurationPlatforms) = postSolution
		{522C4BD9-D615-4995-9204-DB8B072BBCEC}.Debug|Any CPU.ActiveCfg = Debug|Any CPU
		{522C4BD9-D615-4995-9204-DB8B072BBCEC}.Debug|Any CPU.Build.0 = Debug|Any CPU
		{522C4BD9-D615-4995-9204-DB8B072BBCEC}.Release|Any CPU.ActiveCfg = Release|Any CPU
		{522C4BD9-D615-4995-9204-DB8B072BBCEC}.Release|Any CPU.Build.0 = Release|Any CPU
	EndGlobalSection
	GlobalSection(SolutionProperties) = preSolution
		HideSolutionNode = FALSE
	EndGlobalSection
	GlobalSection(ExtensibilityGlobals) = postSolution
		SolutionGuid = {8457F195-B0B5-4907-8D36-0AFD03F70F4E}
	EndGlobalSection
EndGlobal
