
Microsoft Visual Studio Solution File, Format Version 12.00
# Visual Studio Version 17
VisualStudioVersion = 17.2.32616.157
MinimumVisualStudioVersion = 10.0.40219.1
Project("{FAE04EC0-301F-11D3-BF4B-00C04F79EFBC}") = "shadaaaaaa", "shadaaaaaa\shadaaaaaa.csproj", "{19C6B336-909E-4702-A904-E3227B8D7CE1}"
EndProject
Global
	GlobalSection(SolutionConfigurationPlatforms) = preSolution
		Debug|Any CPU = Debug|Any CPU
		Release|Any CPU = Release|Any CPU
	EndGlobalSection
	GlobalSection(ProjectConfigurationPlatforms) = postSolution
		{19C6B336-909E-4702-A904-E3227B8D7CE1}.Debug|Any CPU.ActiveCfg = Debug|Any CPU
		{19C6B336-909E-4702-A904-E3227B8D7CE1}.Debug|Any CPU.Build.0 = Debug|Any CPU
		{19C6B336-909E-4702-A904-E3227B8D7CE1}.Release|Any CPU.ActiveCfg = Release|Any CPU
		{19C6B336-909E-4702-A904-E3227B8D7CE1}.Release|Any CPU.Build.0 = Release|Any CPU
	EndGlobalSection
	GlobalSection(SolutionProperties) = preSolution
		HideSolutionNode = FALSE
	EndGlobalSection
	GlobalSection(ExtensibilityGlobals) = postSolution
		SolutionGuid = {77AED9B4-D7C8-4FD1-BE1C-66CC8A2AB278}
	EndGlobalSection
EndGlobal
