
Microsoft Visual Studio Solution File, Format Version 12.00
# Visual Studio Version 17
VisualStudioVersion = 17.2.32616.157
MinimumVisualStudioVersion = 10.0.40219.1
Project("{FAE04EC0-301F-11D3-BF4B-00C04F79EFBC}") = "new prj", "new prj\new prj.csproj", "{97BB02D9-D6BB-4F59-8F25-758C1C6D86F3}"
EndProject
Global
	GlobalSection(SolutionConfigurationPlatforms) = preSolution
		Debug|Any CPU = Debug|Any CPU
		Release|Any CPU = Release|Any CPU
	EndGlobalSection
	GlobalSection(ProjectConfigurationPlatforms) = postSolution
		{97BB02D9-D6BB-4F59-8F25-758C1C6D86F3}.Debug|Any CPU.ActiveCfg = Debug|Any CPU
		{97BB02D9-D6BB-4F59-8F25-758C1C6D86F3}.Debug|Any CPU.Build.0 = Debug|Any CPU
		{97BB02D9-D6BB-4F59-8F25-758C1C6D86F3}.Release|Any CPU.ActiveCfg = Release|Any CPU
		{97BB02D9-D6BB-4F59-8F25-758C1C6D86F3}.Release|Any CPU.Build.0 = Release|Any CPU
	EndGlobalSection
	GlobalSection(SolutionProperties) = preSolution
		HideSolutionNode = FALSE
	EndGlobalSection
	GlobalSection(ExtensibilityGlobals) = postSolution
		SolutionGuid = {B927FD35-D65B-4394-AADA-4C9BE48576DC}
	EndGlobalSection
EndGlobal
