
Microsoft Visual Studio Solution File, Format Version 12.00
# Visual Studio Version 17
VisualStudioVersion = 17.2.32630.192
MinimumVisualStudioVersion = 10.0.40219.1
Project("{FAE04EC0-301F-11D3-BF4B-00C04F79EFBC}") = "NewUWebAutomation", "NewUWebAutomation\NewUWebAutomation.csproj", "{2ECFE6AF-C888-43BA-8F69-FC0D999A9FF4}"
EndProject
Global
	GlobalSection(SolutionConfigurationPlatforms) = preSolution
		Debug|Any CPU = Debug|Any CPU
		Release|Any CPU = Release|Any CPU
	EndGlobalSection
	GlobalSection(ProjectConfigurationPlatforms) = postSolution
		{2ECFE6AF-C888-43BA-8F69-FC0D999A9FF4}.Debug|Any CPU.ActiveCfg = Debug|Any CPU
		{2ECFE6AF-C888-43BA-8F69-FC0D999A9FF4}.Debug|Any CPU.Build.0 = Debug|Any CPU
		{2ECFE6AF-C888-43BA-8F69-FC0D999A9FF4}.Release|Any CPU.ActiveCfg = Release|Any CPU
		{2ECFE6AF-C888-43BA-8F69-FC0D999A9FF4}.Release|Any CPU.Build.0 = Release|Any CPU
	EndGlobalSection
	GlobalSection(SolutionProperties) = preSolution
		HideSolutionNode = FALSE
	EndGlobalSection
	GlobalSection(ExtensibilityGlobals) = postSolution
		SolutionGuid = {68FDA962-C08E-4056-81AE-8CEFEB5CAE96}
	EndGlobalSection
EndGlobal
