
Microsoft Visual Studio Solution File, Format Version 12.00
# Visual Studio Version 17
VisualStudioVersion = 17.2.32616.157
MinimumVisualStudioVersion = 10.0.40219.1
Project("{FAE04EC0-301F-11D3-BF4B-00C04F79EFBC}") = "window handle demo", "window handle demo\window handle demo.csproj", "{BE390036-DF72-4623-AC83-CF813B728B7B}"
EndProject
Global
	GlobalSection(SolutionConfigurationPlatforms) = preSolution
		Debug|Any CPU = Debug|Any CPU
		Release|Any CPU = Release|Any CPU
	EndGlobalSection
	GlobalSection(ProjectConfigurationPlatforms) = postSolution
		{BE390036-DF72-4623-AC83-CF813B728B7B}.Debug|Any CPU.ActiveCfg = Debug|Any CPU
		{BE390036-DF72-4623-AC83-CF813B728B7B}.Debug|Any CPU.Build.0 = Debug|Any CPU
		{BE390036-DF72-4623-AC83-CF813B728B7B}.Release|Any CPU.ActiveCfg = Release|Any CPU
		{BE390036-DF72-4623-AC83-CF813B728B7B}.Release|Any CPU.Build.0 = Release|Any CPU
	EndGlobalSection
	GlobalSection(SolutionProperties) = preSolution
		HideSolutionNode = FALSE
	EndGlobalSection
	GlobalSection(ExtensibilityGlobals) = postSolution
		SolutionGuid = {F4DD6A98-1DE0-4843-A073-09BE61AEA35F}
	EndGlobalSection
EndGlobal
