
Microsoft Visual Studio Solution File, Format Version 12.00
# Visual Studio Version 17
VisualStudioVersion = 17.2.32616.157
MinimumVisualStudioVersion = 10.0.40219.1
Project("{FAE04EC0-301F-11D3-BF4B-00C04F79EFBC}") = "logger", "logger\logger.csproj", "{C3204813-AB4D-43CA-9C64-7F1636227A9C}"
EndProject
Global
	GlobalSection(SolutionConfigurationPlatforms) = preSolution
		Debug|Any CPU = Debug|Any CPU
		Release|Any CPU = Release|Any CPU
	EndGlobalSection
	GlobalSection(ProjectConfigurationPlatforms) = postSolution
		{C3204813-AB4D-43CA-9C64-7F1636227A9C}.Debug|Any CPU.ActiveCfg = Debug|Any CPU
		{C3204813-AB4D-43CA-9C64-7F1636227A9C}.Debug|Any CPU.Build.0 = Debug|Any CPU
		{C3204813-AB4D-43CA-9C64-7F1636227A9C}.Release|Any CPU.ActiveCfg = Release|Any CPU
		{C3204813-AB4D-43CA-9C64-7F1636227A9C}.Release|Any CPU.Build.0 = Release|Any CPU
	EndGlobalSection
	GlobalSection(SolutionProperties) = preSolution
		HideSolutionNode = FALSE
	EndGlobalSection
	GlobalSection(ExtensibilityGlobals) = postSolution
		SolutionGuid = {3E088482-ADE4-4E20-9C8A-07C55DB39770}
	EndGlobalSection
EndGlobal
