
Microsoft Visual Studio Solution File, Format Version 12.00
# Visual Studio Version 17
VisualStudioVersion = 17.2.32616.157
MinimumVisualStudioVersion = 10.0.40219.1
Project("{FAE04EC0-301F-11D3-BF4B-00C04F79EFBC}") = "Valoremweb", "Valoremweb\Valoremweb.csproj", "{D5236711-D32D-454F-B0D0-C4223F7004C9}"
EndProject
Global
	GlobalSection(SolutionConfigurationPlatforms) = preSolution
		Debug|Any CPU = Debug|Any CPU
		Release|Any CPU = Release|Any CPU
	EndGlobalSection
	GlobalSection(ProjectConfigurationPlatforms) = postSolution
		{D5236711-D32D-454F-B0D0-C4223F7004C9}.Debug|Any CPU.ActiveCfg = Debug|Any CPU
		{D5236711-D32D-454F-B0D0-C4223F7004C9}.Debug|Any CPU.Build.0 = Debug|Any CPU
		{D5236711-D32D-454F-B0D0-C4223F7004C9}.Release|Any CPU.ActiveCfg = Release|Any CPU
		{D5236711-D32D-454F-B0D0-C4223F7004C9}.Release|Any CPU.Build.0 = Release|Any CPU
	EndGlobalSection
	GlobalSection(SolutionProperties) = preSolution
		HideSolutionNode = FALSE
	EndGlobalSection
	GlobalSection(ExtensibilityGlobals) = postSolution
		SolutionGuid = {1F07CE8B-F13F-4525-856E-4EAA3299B2C7}
	EndGlobalSection
EndGlobal
