
Microsoft Visual Studio Solution File, Format Version 12.00
# Visual Studio Version 17
VisualStudioVersion = 17.3.32929.385
MinimumVisualStudioVersion = 10.0.40219.1
Project("{FAE04EC0-301F-11D3-BF4B-00C04F79EFBC}") = "APITestingPOC", "APITestingPOC\APITestingPOC.csproj", "{45F07F0B-EC31-4129-936C-B9E8DCBBDF94}"
EndProject
Global
	GlobalSection(SolutionConfigurationPlatforms) = preSolution
		Debug|Any CPU = Debug|Any CPU
		Release|Any CPU = Release|Any CPU
	EndGlobalSection
	GlobalSection(ProjectConfigurationPlatforms) = postSolution
		{45F07F0B-EC31-4129-936C-B9E8DCBBDF94}.Debug|Any CPU.ActiveCfg = Debug|Any CPU
		{45F07F0B-EC31-4129-936C-B9E8DCBBDF94}.Debug|Any CPU.Build.0 = Debug|Any CPU
		{45F07F0B-EC31-4129-936C-B9E8DCBBDF94}.Release|Any CPU.ActiveCfg = Release|Any CPU
		{45F07F0B-EC31-4129-936C-B9E8DCBBDF94}.Release|Any CPU.Build.0 = Release|Any CPU
	EndGlobalSection
	GlobalSection(SolutionProperties) = preSolution
		HideSolutionNode = FALSE
	EndGlobalSection
	GlobalSection(ExtensibilityGlobals) = postSolution
		SolutionGuid = {8F4DBB3D-706A-4362-BC76-CFE59991E244}
	EndGlobalSection
EndGlobal
