
Microsoft Visual Studio Solution File, Format Version 12.00
# Visual Studio Version 17
VisualStudioVersion = 17.2.32616.157
MinimumVisualStudioVersion = 10.0.40219.1
Project("{FAE04EC0-301F-11D3-BF4B-00C04F79EFBC}") = "dropdown-1", "dropdown-1\dropdown-1.csproj", "{B2A585B9-4F7B-465E-8294-3D4627183FD0}"
EndProject
Global
	GlobalSection(SolutionConfigurationPlatforms) = preSolution
		Debug|Any CPU = Debug|Any CPU
		Release|Any CPU = Release|Any CPU
	EndGlobalSection
	GlobalSection(ProjectConfigurationPlatforms) = postSolution
		{B2A585B9-4F7B-465E-8294-3D4627183FD0}.Debug|Any CPU.ActiveCfg = Debug|Any CPU
		{B2A585B9-4F7B-465E-8294-3D4627183FD0}.Debug|Any CPU.Build.0 = Debug|Any CPU
		{B2A585B9-4F7B-465E-8294-3D4627183FD0}.Release|Any CPU.ActiveCfg = Release|Any CPU
		{B2A585B9-4F7B-465E-8294-3D4627183FD0}.Release|Any CPU.Build.0 = Release|Any CPU
	EndGlobalSection
	GlobalSection(SolutionProperties) = preSolution
		HideSolutionNode = FALSE
	EndGlobalSection
	GlobalSection(ExtensibilityGlobals) = postSolution
		SolutionGuid = {6F6CC7B0-9539-471E-B164-8254B1EBE26A}
	EndGlobalSection
EndGlobal
