
Microsoft Visual Studio Solution File, Format Version 12.00
# Visual Studio Version 17
VisualStudioVersion = 17.2.32630.192
MinimumVisualStudioVersion = 10.0.40219.1
Project("{9A19103F-16F7-4668-BE54-9A1E7A4F7556}") = "PurplleWebAutomation", "Purplle Web Automation\PurplleWebAutomation.csproj", "{E74A8F14-1EA7-4335-B10A-8A2BFD74566E}"
EndProject
Global
	GlobalSection(SolutionConfigurationPlatforms) = preSolution
		Debug|Any CPU = Debug|Any CPU
		Release|Any CPU = Release|Any CPU
	EndGlobalSection
	GlobalSection(ProjectConfigurationPlatforms) = postSolution
		{E74A8F14-1EA7-4335-B10A-8A2BFD74566E}.Debug|Any CPU.ActiveCfg = Debug|Any CPU
		{E74A8F14-1EA7-4335-B10A-8A2BFD74566E}.Debug|Any CPU.Build.0 = Debug|Any CPU
		{E74A8F14-1EA7-4335-B10A-8A2BFD74566E}.Release|Any CPU.ActiveCfg = Release|Any CPU
		{E74A8F14-1EA7-4335-B10A-8A2BFD74566E}.Release|Any CPU.Build.0 = Release|Any CPU
	EndGlobalSection
	GlobalSection(SolutionProperties) = preSolution
		HideSolutionNode = FALSE
	EndGlobalSection
	GlobalSection(ExtensibilityGlobals) = postSolution
		SolutionGuid = {D8DA371E-9A3D-4788-86D0-EC1C439D9013}
	EndGlobalSection
EndGlobal
