
Microsoft Visual Studio Solution File, Format Version 12.00
# Visual Studio Version 17
VisualStudioVersion = 17.2.32616.157
MinimumVisualStudioVersion = 10.0.40219.1
Project("{FAE04EC0-301F-11D3-BF4B-00C04F79EFBC}") = "Webautomation26-01-23", "Webautomation26-01-23\Webautomation26-01-23.csproj", "{8AA64BA3-DA74-450C-9BB9-8DA234CA8C71}"
EndProject
Global
	GlobalSection(SolutionConfigurationPlatforms) = preSolution
		Debug|Any CPU = Debug|Any CPU
		Release|Any CPU = Release|Any CPU
	EndGlobalSection
	GlobalSection(ProjectConfigurationPlatforms) = postSolution
		{8AA64BA3-DA74-450C-9BB9-8DA234CA8C71}.Debug|Any CPU.ActiveCfg = Debug|Any CPU
		{8AA64BA3-DA74-450C-9BB9-8DA234CA8C71}.Debug|Any CPU.Build.0 = Debug|Any CPU
		{8AA64BA3-DA74-450C-9BB9-8DA234CA8C71}.Release|Any CPU.ActiveCfg = Release|Any CPU
		{8AA64BA3-DA74-450C-9BB9-8DA234CA8C71}.Release|Any CPU.Build.0 = Release|Any CPU
	EndGlobalSection
	GlobalSection(SolutionProperties) = preSolution
		HideSolutionNode = FALSE
	EndGlobalSection
	GlobalSection(ExtensibilityGlobals) = postSolution
		SolutionGuid = {0F5EF32F-1DE7-470D-B5AF-A2F073EAB588}
	EndGlobalSection
EndGlobal
