
Microsoft Visual Studio Solution File, Format Version 12.00
# Visual Studio Version 17
VisualStudioVersion = 17.2.32616.157
MinimumVisualStudioVersion = 10.0.40219.1
Project("{FAE04EC0-301F-11D3-BF4B-00C04F79EFBC}") = "BigBasketTestAutomation", "BigBasketTestAutomation\BigBasketTestAutomation.csproj", "{C52EA316-FB10-4ACA-AE91-04A2D0CDA192}"
EndProject
Global
	GlobalSection(SolutionConfigurationPlatforms) = preSolution
		Debug|Any CPU = Debug|Any CPU
		Release|Any CPU = Release|Any CPU
	EndGlobalSection
	GlobalSection(ProjectConfigurationPlatforms) = postSolution
		{C52EA316-FB10-4ACA-AE91-04A2D0CDA192}.Debug|Any CPU.ActiveCfg = Debug|Any CPU
		{C52EA316-FB10-4ACA-AE91-04A2D0CDA192}.Debug|Any CPU.Build.0 = Debug|Any CPU
		{C52EA316-FB10-4ACA-AE91-04A2D0CDA192}.Release|Any CPU.ActiveCfg = Release|Any CPU
		{C52EA316-FB10-4ACA-AE91-04A2D0CDA192}.Release|Any CPU.Build.0 = Release|Any CPU
	EndGlobalSection
	GlobalSection(SolutionProperties) = preSolution
		HideSolutionNode = FALSE
	EndGlobalSection
	GlobalSection(ExtensibilityGlobals) = postSolution
		SolutionGuid = {DA28504A-A1C8-4482-A009-7AD74CC5AFDF}
	EndGlobalSection
EndGlobal
