
Microsoft Visual Studio Solution File, Format Version 12.00
# Visual Studio Version 17
VisualStudioVersion = 17.2.32616.157
MinimumVisualStudioVersion = 10.0.40219.1
Project("{FAE04EC0-301F-11D3-BF4B-00C04F79EFBC}") = "qstn8", "qstn8\qstn8.csproj", "{68F7C7C4-E77F-46E0-B654-FE552B4E77A9}"
EndProject
Global
	GlobalSection(SolutionConfigurationPlatforms) = preSolution
		Debug|Any CPU = Debug|Any CPU
		Release|Any CPU = Release|Any CPU
	EndGlobalSection
	GlobalSection(ProjectConfigurationPlatforms) = postSolution
		{68F7C7C4-E77F-46E0-B654-FE552B4E77A9}.Debug|Any CPU.ActiveCfg = Debug|Any CPU
		{68F7C7C4-E77F-46E0-B654-FE552B4E77A9}.Debug|Any CPU.Build.0 = Debug|Any CPU
		{68F7C7C4-E77F-46E0-B654-FE552B4E77A9}.Release|Any CPU.ActiveCfg = Release|Any CPU
		{68F7C7C4-E77F-46E0-B654-FE552B4E77A9}.Release|Any CPU.Build.0 = Release|Any CPU
	EndGlobalSection
	GlobalSection(SolutionProperties) = preSolution
		HideSolutionNode = FALSE
	EndGlobalSection
	GlobalSection(ExtensibilityGlobals) = postSolution
		SolutionGuid = {3BB5BD92-2E41-4F5F-B643-3DAB7D2E9936}
	EndGlobalSection
EndGlobal
